
Microsoft Visual Studio Solution File, Format Version 12.00
# Visual Studio 15
VisualStudioVersion = 15.0.28307.1433
MinimumVisualStudioVersion = 10.0.40219.1
Project("{8BC9CEB8-8B4A-11D0-8D11-00A0C91BC942}") = "week9", "week9\week9.vcxproj", "{0F1177F5-1431-4698-83F4-C1B6A4051D05}"
EndProject
Global
	GlobalSection(SolutionConfigurationPlatforms) = preSolution
		Debug|x64 = Debug|x64
		Debug|x86 = Debug|x86
		Release|x64 = Release|x64
		Release|x86 = Release|x86
	EndGlobalSection
	GlobalSection(ProjectConfigurationPlatforms) = postSolution
		{0F1177F5-1431-4698-83F4-C1B6A4051D05}.Debug|x64.ActiveCfg = Debug|x64
		{0F1177F5-1431-4698-83F4-C1B6A4051D05}.Debug|x64.Build.0 = Debug|x64
		{0F1177F5-1431-4698-83F4-C1B6A4051D05}.Debug|x86.ActiveCfg = Debug|Win32
		{0F1177F5-1431-4698-83F4-C1B6A4051D05}.Debug|x86.Build.0 = Debug|Win32
		{0F1177F5-1431-4698-83F4-C1B6A4051D05}.Release|x64.ActiveCfg = Release|x64
		{0F1177F5-1431-4698-83F4-C1B6A4051D05}.Release|x64.Build.0 = Release|x64
		{0F1177F5-1431-4698-83F4-C1B6A4051D05}.Release|x86.ActiveCfg = Release|Win32
		{0F1177F5-1431-4698-83F4-C1B6A4051D05}.Release|x86.Build.0 = Release|Win32
	EndGlobalSection
	GlobalSection(SolutionProperties) = preSolution
		HideSolutionNode = FALSE
	EndGlobalSection
	GlobalSection(ExtensibilityGlobals) = postSolution
		SolutionGuid = {CE8DA60A-1A34-4638-A033-157BC94D4429}
	EndGlobalSection
EndGlobal
